
Microsoft Visual Studio Solution File, Format Version 12.00
# Visual Studio Version 16
VisualStudioVersion = 16.0.30804.86
MinimumVisualStudioVersion = 10.0.40219.1
Project("{FAE04EC0-301F-11D3-BF4B-00C04F79EFBC}") = "ByteBank", "01-ByteBank\ByteBank.csproj", "{EF64758D-7E32-4BB5-B6BB-EAAA629C940F}"
EndProject
Global
	GlobalSection(SolutionConfigurationPlatforms) = preSolution
		Debug|Any CPU = Debug|Any CPU
		Release|Any CPU = Release|Any CPU
	EndGlobalSection
	GlobalSection(ProjectConfigurationPlatforms) = postSolution
		{EF64758D-7E32-4BB5-B6BB-EAAA629C940F}.Debug|Any CPU.ActiveCfg = Debug|Any CPU
		{EF64758D-7E32-4BB5-B6BB-EAAA629C940F}.Debug|Any CPU.Build.0 = Debug|Any CPU
		{EF64758D-7E32-4BB5-B6BB-EAAA629C940F}.Release|Any CPU.ActiveCfg = Release|Any CPU
		{EF64758D-7E32-4BB5-B6BB-EAAA629C940F}.Release|Any CPU.Build.0 = Release|Any CPU
	EndGlobalSection
	GlobalSection(SolutionProperties) = preSolution
		HideSolutionNode = FALSE
	EndGlobalSection
	GlobalSection(ExtensibilityGlobals) = postSolution
		SolutionGuid = {61F1F0AE-D335-4EB0-97E1-871AC048FB9E}
	EndGlobalSection
EndGlobal
